# This file is autogenerated, do not edit; changes may be undone by the next 'dep ensure'.


[[projects]]
  name = "github.com/Masterminds/semver"
  packages = ["."]
  revision = "c7af12943936e8c39859482e61f0574c2fd7fc75"
  version = "v1.4.2"

[[projects]]
  branch = "master"
  name = "github.com/armour/go-node-builtins"
  packages = ["cmd/builtins"]
  revision = "865f96b704b2a4ce0bd38900cb303f40df6f7953"

[solve-meta]
  analyzer-name = "dep"
  analyzer-version = 1
  inputs-digest = "efd7707d9947441892e2082e1f650927b44133cd1499669552eaad82aeaec392"
  solver-name = "gps-cdcl"
  solver-version = 1
